
Microsoft Visual Studio Solution File, Format Version 12.00
# Visual Studio 15
VisualStudioVersion = 15.0.27130.2027
MinimumVisualStudioVersion = 10.0.40219.1
Project("{FAE04EC0-301F-11D3-BF4B-00C04F79EFBC}") = "EssentialFeatures", "EssentialFeatures\EssentialFeatures.csproj", "{94FADDE6-EE51-4592-9AEB-65258F53AD9B}"
EndProject
Project("{FAE04EC0-301F-11D3-BF4B-00C04F79EFBC}") = "EssentialFeatures.Tests", "EssentialFeatures.Tests\EssentialFeatures.Tests.csproj", "{2824F222-75CE-4133-97E2-E1875CE6F467}"
EndProject
Global
	GlobalSection(SolutionConfigurationPlatforms) = preSolution
		Debug|Any CPU = Debug|Any CPU
		Release|Any CPU = Release|Any CPU
	EndGlobalSection
	GlobalSection(ProjectConfigurationPlatforms) = postSolution
		{94FADDE6-EE51-4592-9AEB-65258F53AD9B}.Debug|Any CPU.ActiveCfg = Debug|Any CPU
		{94FADDE6-EE51-4592-9AEB-65258F53AD9B}.Debug|Any CPU.Build.0 = Debug|Any CPU
		{94FADDE6-EE51-4592-9AEB-65258F53AD9B}.Release|Any CPU.ActiveCfg = Release|Any CPU
		{94FADDE6-EE51-4592-9AEB-65258F53AD9B}.Release|Any CPU.Build.0 = Release|Any CPU
		{2824F222-75CE-4133-97E2-E1875CE6F467}.Debug|Any CPU.ActiveCfg = Debug|Any CPU
		{2824F222-75CE-4133-97E2-E1875CE6F467}.Debug|Any CPU.Build.0 = Debug|Any CPU
		{2824F222-75CE-4133-97E2-E1875CE6F467}.Release|Any CPU.ActiveCfg = Release|Any CPU
		{2824F222-75CE-4133-97E2-E1875CE6F467}.Release|Any CPU.Build.0 = Release|Any CPU
	EndGlobalSection
	GlobalSection(SolutionProperties) = preSolution
		HideSolutionNode = FALSE
	EndGlobalSection
	GlobalSection(ExtensibilityGlobals) = postSolution
		SolutionGuid = {563C96E4-8E7C-4852-94F9-DF9C9915ED66}
	EndGlobalSection
EndGlobal
